# THIS IS AN AUTOGENERATED FILE. DO NOT EDIT THIS FILE DIRECTLY.
# yarn lockfile v1


php-wasm@^0.0.5:
  version "0.0.5"
  resolved "https://registry.yarnpkg.com/php-wasm/-/php-wasm-0.0.5.tgz#3d0b83fe13d1cbc794f535b99fe04760250dbe8f"
  integrity sha512-To8OZLXrZblBwrJk82qe4MlS1SC0Um3nrA8FJhzCdN7WtIGFIu2dQsk6sSqJelcETrtSd5E+zjvP7fkmb2QleQ==
