{
  "name": "playground",
  "lockfileVersion": 3,
  "requires": true,
  "packages": {
    "": {
      "hasInstallScript": true,
      "devDependencies": {
        "php-cgi-wasm": "^0.0.9-alpha-2",
        "php-wasm": "^0.0.9-alpha-13",
        "php-wasm-dom": "^0.0.0-h",
        "php-wasm-gd": "^0.0.9-i",
        "php-wasm-iconv": "^0.0.9-j",
        "php-wasm-libxml": "^0.0.0-n",
        "php-wasm-libzip": "^0.0.9-e",
        "php-wasm-mbstring": "^0.0.0-c",
        "php-wasm-simplexml": "^0.0.0-j",
        "php-wasm-sqlite": "^0.0.9-x",
        "php-wasm-xml": "^0.0.0-i",
        "php-wasm-zlib": "^0.0.9-f"
      }
    },
    "node_modules/php-cgi-wasm": {
      "version": "0.0.9-alpha-2",
      "resolved": "https://registry.npmjs.org/php-cgi-wasm/-/php-cgi-wasm-0.0.9-alpha-2.tgz",
      "integrity": "sha512-Z1WCt2WMrrQ5RZVje0pSRFbdZ7lRlZF5k3IXAwTWTPR0UnsiNA8QFRPfnaCCeil2Cj8NL2/o3ouIEDAAaqnAew==",
      "dev": true,
      "license": "Apache-2.0"
    },
    "node_modules/php-wasm": {
      "version": "0.0.9-alpha-9",
      "resolved": "https://registry.npmjs.org/php-wasm/-/php-wasm-0.0.9-alpha-9.tgz",
      "integrity": "sha512-us8B87WjwbECzm8ab5O7LI+yC0sE8Bc7kT5CRiJ83EmWYzlKAGIqmOx3Riap85ZOcCJzavx7V3dju/p+l2Je6Q==",
      "dev": true,
      "license": "Apache-2.0"
    },
    "node_modules/php-wasm-dom": {
      "version": "0.0.0-j",
      "resolved": "https://registry.npmjs.org/php-wasm-dom/-/php-wasm-dom-0.0.0-j.tgz",
      "integrity": "sha512-LGK45kQIJOpixHjxap9qfivZJhb07zsL1qSxpYV0WpZuZRCSE0kKrfnVKtqNr6HgJmDIb0QeNUJ23yVa6/jmbg==",
      "dev": true
    },
    "node_modules/php-wasm-gd": {
      "version": "0.0.9-i",
      "resolved": "https://registry.npmjs.org/php-wasm-gd/-/php-wasm-gd-0.0.9-i.tgz",
      "integrity": "sha512-Hm/Y3jcOyzXfZhBJAMH6KlefPHm1XpsrzTmtAyk7Et/AyEtAcorF9159eQ/SR61HuIEVhcwJtpojL52LdehqCw==",
      "dev": true
    },
    "node_modules/php-wasm-iconv": {
      "version": "0.0.9-j",
      "resolved": "https://registry.npmjs.org/php-wasm-iconv/-/php-wasm-iconv-0.0.9-j.tgz",
      "integrity": "sha512-I4rMsaXvijdDCOGfqcYYr/ozGU7AupvlUEOwVjB4W6Yxfdqrt3kJg2SEWAIhCM5iyKrYY54XOpqLLt79G33Dcg==",
      "dev": true
    },
    "node_modules/php-wasm-libxml": {
      "version": "0.0.0",
      "resolved": "https://registry.npmjs.org/php-wasm-libxml/-/php-wasm-libxml-0.0.0.tgz",
      "integrity": "sha512-V9NJoGmoiMrj4QSyK83s+CF7yuTPw/wt24qYU3TXWEyfwe6AtB5vTLNs4Sv08dBBDt2/DRp49kqHCQwj/mJU0Q==",
      "dev": true
    },
    "node_modules/php-wasm-libzip": {
      "version": "0.0.9-g",
      "resolved": "https://registry.npmjs.org/php-wasm-libzip/-/php-wasm-libzip-0.0.9-g.tgz",
      "integrity": "sha512-6ctELU++lmcqivh0otKOXgVcl7wtXXIx9Qx0SQZHQokQI7GCx3IHcJDNtV06O3/La2kEVia5wrAFJF2xGpUZcw==",
      "dev": true
    },
    "node_modules/php-wasm-mbstring": {
      "version": "0.0.0-c",
      "resolved": "https://registry.npmjs.org/php-wasm-mbstring/-/php-wasm-mbstring-0.0.0-c.tgz",
      "integrity": "sha512-LWC9bB0g0D+UNq9G0LAux7zkcFUPqBSK8BW3AgmChlnVQzcvIcEkmQAYWjP2cR0MOFn6QrzfLuTJxkjTCcWfWA==",
      "dev": true
    },
    "node_modules/php-wasm-simplexml": {
      "version": "0.0.0-j",
      "resolved": "https://registry.npmjs.org/php-wasm-simplexml/-/php-wasm-simplexml-0.0.0-j.tgz",
      "integrity": "sha512-7M2va97GezV34fDNxwq8FWec4cBqBAy5eTtEjFdlq90d3Gv3mdUDu2tc6WTOrLviassIJbvQsWXg+QiRV9nnKg==",
      "dev": true
    },
    "node_modules/php-wasm-sqlite": {
      "version": "0.0.9-x",
      "resolved": "https://registry.npmjs.org/php-wasm-sqlite/-/php-wasm-sqlite-0.0.9-x.tgz",
      "integrity": "sha512-jF9bAH9XCHyHhnu7CcYMp7pfEeJF9VLxm1tLVHDYADjOFsdcs3NbaFeZcKDVGkFF2Chfc/ymccXLBKY4KPCqcQ==",
      "dev": true
    },
    "node_modules/php-wasm-xml": {
      "version": "0.0.0-l",
      "resolved": "https://registry.npmjs.org/php-wasm-xml/-/php-wasm-xml-0.0.0-l.tgz",
      "integrity": "sha512-WBumUgRwOC2yKR1Lnvzw83aWBNm9mPfn+SywmcHhU58DKd4K+50EH0HjB2gRwv3IKkUUmVmekn6l2fxJvBHGNQ==",
      "dev": true
    },
    "node_modules/php-wasm-zlib": {
      "version": "0.0.9-h",
      "resolved": "https://registry.npmjs.org/php-wasm-zlib/-/php-wasm-zlib-0.0.9-h.tgz",
      "integrity": "sha512-aN/Mf4R/vlIcnl+BZe8hwNQu95BTOiEFcSEOmfZX0GqPhqkQuE1M1/QsLWEIx3C9WykDqpIsqQz9CcbLBz68yA==",
      "dev": true
    }
  }
}
