{
  "name": "playground",
  "lockfileVersion": 3,
  "requires": true,
  "packages": {
    "": {
      "hasInstallScript": true,
      "devDependencies": {
        "php-cgi-wasm": "0.0.9-alpha-2",
        "php-wasm": "0.0.9-alpha-13",
        "php-wasm-dom": "0.0.0-h",
        "php-wasm-gd": "^0.0.9-j",
        "php-wasm-iconv": "0.0.9-j",
        "php-wasm-libxml": "0.0.9-q",
        "php-wasm-libzip": "0.0.9-e",
        "php-wasm-mbstring": "0.0.0-c",
        "php-wasm-simplexml": "0.0.0-j",
        "php-wasm-sqlite": "0.0.9-x",
        "php-wasm-xml": "0.0.0-i",
        "php-wasm-zlib": "0.0.9-f"
      }
    },
    "node_modules/php-cgi-wasm": {
      "version": "0.0.9-alpha-2",
      "resolved": "https://registry.npmjs.org/php-cgi-wasm/-/php-cgi-wasm-0.0.9-alpha-2.tgz",
      "integrity": "sha512-Z1WCt2WMrrQ5RZVje0pSRFbdZ7lRlZF5k3IXAwTWTPR0UnsiNA8QFRPfnaCCeil2Cj8NL2/o3ouIEDAAaqnAew==",
      "dev": true,
      "license": "Apache-2.0"
    },
    "node_modules/php-wasm": {
      "version": "0.0.9-alpha-13",
      "resolved": "https://registry.npmjs.org/php-wasm/-/php-wasm-0.0.9-alpha-13.tgz",
      "integrity": "sha512-8GDGGmxmyfemrJYTFCJKOkeqNMyYSqDpsdQsw0idTuL6GPe6TEuMx9IMds3XbMoZxWavNZDT9q59E80mq90+SA==",
      "dev": true,
      "license": "Apache-2.0"
    },
    "node_modules/php-wasm-dom": {
      "version": "0.0.0-h",
      "resolved": "https://registry.npmjs.org/php-wasm-dom/-/php-wasm-dom-0.0.0-h.tgz",
      "integrity": "sha512-Df5IWgt4OPM8o2IdxZbLyNpcTHKKtczmZliAhOjbHWfgU4QQG4FYlmA+QkxElRarPrYhpU6zTluZx6UsyNY7rQ==",
      "dev": true
    },
    "node_modules/php-wasm-gd": {
      "version": "0.0.9-j",
      "resolved": "https://registry.npmjs.org/php-wasm-gd/-/php-wasm-gd-0.0.9-j.tgz",
      "integrity": "sha512-q/PaFyzAhliRCxF6hgkfkI/hoUm/QY/iib+bz3gqiyS2l6ecvv52pUD7051WU/ktvzdYbF+TMYOaQ5McM7aVKA==",
      "dev": true
    },
    "node_modules/php-wasm-iconv": {
      "version": "0.0.9-j",
      "resolved": "https://registry.npmjs.org/php-wasm-iconv/-/php-wasm-iconv-0.0.9-j.tgz",
      "integrity": "sha512-I4rMsaXvijdDCOGfqcYYr/ozGU7AupvlUEOwVjB4W6Yxfdqrt3kJg2SEWAIhCM5iyKrYY54XOpqLLt79G33Dcg==",
      "dev": true
    },
    "node_modules/php-wasm-libxml": {
      "version": "0.0.9-q",
      "resolved": "https://registry.npmjs.org/php-wasm-libxml/-/php-wasm-libxml-0.0.9-q.tgz",
      "integrity": "sha512-Fixb8NdtIsXk1+1Mzr0lc11HOf1UvUJ/7VfpyDGrIzsOdO0Lgi4/jc0FTigNWYxwTeDDRGa/JmI9PHCnjaEpbQ==",
      "dev": true
    },
    "node_modules/php-wasm-libzip": {
      "version": "0.0.9-e",
      "resolved": "https://registry.npmjs.org/php-wasm-libzip/-/php-wasm-libzip-0.0.9-e.tgz",
      "integrity": "sha512-HnQiMICXTrSosDygH0hBbmvRePcDTz5YMMF6Ty69O3JzgUAkLHXYh1Q9pQm8avY80bQhzgWOpQgrSIFzcMTBnw==",
      "dev": true
    },
    "node_modules/php-wasm-mbstring": {
      "version": "0.0.0-c",
      "resolved": "https://registry.npmjs.org/php-wasm-mbstring/-/php-wasm-mbstring-0.0.0-c.tgz",
      "integrity": "sha512-LWC9bB0g0D+UNq9G0LAux7zkcFUPqBSK8BW3AgmChlnVQzcvIcEkmQAYWjP2cR0MOFn6QrzfLuTJxkjTCcWfWA==",
      "dev": true
    },
    "node_modules/php-wasm-simplexml": {
      "version": "0.0.0-j",
      "resolved": "https://registry.npmjs.org/php-wasm-simplexml/-/php-wasm-simplexml-0.0.0-j.tgz",
      "integrity": "sha512-7M2va97GezV34fDNxwq8FWec4cBqBAy5eTtEjFdlq90d3Gv3mdUDu2tc6WTOrLviassIJbvQsWXg+QiRV9nnKg==",
      "dev": true
    },
    "node_modules/php-wasm-sqlite": {
      "version": "0.0.9-x",
      "resolved": "https://registry.npmjs.org/php-wasm-sqlite/-/php-wasm-sqlite-0.0.9-x.tgz",
      "integrity": "sha512-jF9bAH9XCHyHhnu7CcYMp7pfEeJF9VLxm1tLVHDYADjOFsdcs3NbaFeZcKDVGkFF2Chfc/ymccXLBKY4KPCqcQ==",
      "dev": true
    },
    "node_modules/php-wasm-xml": {
      "version": "0.0.0-i",
      "resolved": "https://registry.npmjs.org/php-wasm-xml/-/php-wasm-xml-0.0.0-i.tgz",
      "integrity": "sha512-IWjntmWfB8fvNIlOvYcM0/HqzuFtEgS3CVvRDCnSSR9mSMvsDMJC31xrg+Tws0LyTdTvYZ0DeSSFOhcOCySiRg==",
      "dev": true
    },
    "node_modules/php-wasm-zlib": {
      "version": "0.0.9-f",
      "resolved": "https://registry.npmjs.org/php-wasm-zlib/-/php-wasm-zlib-0.0.9-f.tgz",
      "integrity": "sha512-z4aiwJheTjG7a092q8T6Nv+Hrc5tu4bV4qvQ7o+p+xyDYXhOGlHJxODzXDBoU4hJ4AJlkBG7k851k02R9swVvA==",
      "dev": true
    }
  }
}
